
Microsoft Visual Studio Solution File, Format Version 12.00
# Visual Studio 15
VisualStudioVersion = 15.0.28307.271
MinimumVisualStudioVersion = 10.0.40219.1
Project("{FAE04EC0-301F-11D3-BF4B-00C04F79EFBC}") = "DATA", "DATA\DATA.csproj", "{AD5ABCBD-8896-444C-A09D-121DADC6C05A}"
EndProject
Project("{FAE04EC0-301F-11D3-BF4B-00C04F79EFBC}") = "Domain", "Domaine\Domain.csproj", "{CF3C48E8-9504-4EC6-A0B0-55350B75B4AC}"
EndProject
Project("{FAE04EC0-301F-11D3-BF4B-00C04F79EFBC}") = "Service", "Service\Service.csproj", "{DC8FD6F9-AAF1-44A7-8D7E-3A9D9FEDA3B3}"
EndProject
Project("{FAE04EC0-301F-11D3-BF4B-00C04F79EFBC}") = "ServicePattern", "ServicePattern\ServicePattern.csproj", "{1D12C6B3-1813-4858-807E-6F6FD772080E}"
EndProject
Project("{FAE04EC0-301F-11D3-BF4B-00C04F79EFBC}") = "EventManage", "EventManage\EventManage.csproj", "{CAC07037-3B63-49E0-83BD-51ECDD36B2A5}"
EndProject
Global
	GlobalSection(SolutionConfigurationPlatforms) = preSolution
		Debug|Any CPU = Debug|Any CPU
		Release|Any CPU = Release|Any CPU
	EndGlobalSection
	GlobalSection(ProjectConfigurationPlatforms) = postSolution
		{AD5ABCBD-8896-444C-A09D-121DADC6C05A}.Debug|Any CPU.ActiveCfg = Debug|Any CPU
		{AD5ABCBD-8896-444C-A09D-121DADC6C05A}.Debug|Any CPU.Build.0 = Debug|Any CPU
		{AD5ABCBD-8896-444C-A09D-121DADC6C05A}.Release|Any CPU.ActiveCfg = Release|Any CPU
		{AD5ABCBD-8896-444C-A09D-121DADC6C05A}.Release|Any CPU.Build.0 = Release|Any CPU
		{CF3C48E8-9504-4EC6-A0B0-55350B75B4AC}.Debug|Any CPU.ActiveCfg = Debug|Any CPU
		{CF3C48E8-9504-4EC6-A0B0-55350B75B4AC}.Debug|Any CPU.Build.0 = Debug|Any CPU
		{CF3C48E8-9504-4EC6-A0B0-55350B75B4AC}.Release|Any CPU.ActiveCfg = Release|Any CPU
		{CF3C48E8-9504-4EC6-A0B0-55350B75B4AC}.Release|Any CPU.Build.0 = Release|Any CPU
		{DC8FD6F9-AAF1-44A7-8D7E-3A9D9FEDA3B3}.Debug|Any CPU.ActiveCfg = Debug|Any CPU
		{DC8FD6F9-AAF1-44A7-8D7E-3A9D9FEDA3B3}.Debug|Any CPU.Build.0 = Debug|Any CPU
		{DC8FD6F9-AAF1-44A7-8D7E-3A9D9FEDA3B3}.Release|Any CPU.ActiveCfg = Release|Any CPU
		{DC8FD6F9-AAF1-44A7-8D7E-3A9D9FEDA3B3}.Release|Any CPU.Build.0 = Release|Any CPU
		{1D12C6B3-1813-4858-807E-6F6FD772080E}.Debug|Any CPU.ActiveCfg = Debug|Any CPU
		{1D12C6B3-1813-4858-807E-6F6FD772080E}.Debug|Any CPU.Build.0 = Debug|Any CPU
		{1D12C6B3-1813-4858-807E-6F6FD772080E}.Release|Any CPU.ActiveCfg = Release|Any CPU
		{1D12C6B3-1813-4858-807E-6F6FD772080E}.Release|Any CPU.Build.0 = Release|Any CPU
		{CAC07037-3B63-49E0-83BD-51ECDD36B2A5}.Debug|Any CPU.ActiveCfg = Debug|Any CPU
		{CAC07037-3B63-49E0-83BD-51ECDD36B2A5}.Debug|Any CPU.Build.0 = Debug|Any CPU
		{CAC07037-3B63-49E0-83BD-51ECDD36B2A5}.Release|Any CPU.ActiveCfg = Release|Any CPU
		{CAC07037-3B63-49E0-83BD-51ECDD36B2A5}.Release|Any CPU.Build.0 = Release|Any CPU
	EndGlobalSection
	GlobalSection(SolutionProperties) = preSolution
		HideSolutionNode = FALSE
	EndGlobalSection
	GlobalSection(ExtensibilityGlobals) = postSolution
		SolutionGuid = {D0E7F093-EEAF-4D57-82D3-133D3ECD2530}
	EndGlobalSection
EndGlobal
